
Microsoft Visual Studio Solution File, Format Version 12.00
# Visual Studio Version 17
VisualStudioVersion = 17.4.33103.184
MinimumVisualStudioVersion = 10.0.40219.1
Project("{2150E333-8FDC-42A3-9474-1A3956D46DE8}") = ".config", ".config", "{80DAB5EC-4502-4EBC-876E-089DB0DC8BBA}"
	ProjectSection(SolutionItems) = preProject
		.editorconfig = .editorconfig
	EndProjectSection
EndProject
Project("{FAE04EC0-301F-11D3-BF4B-00C04F79EFBC}") = "FResults", "lib\FResults\FResults\FResults.csproj", "{92047CC3-A9D1-4AC2-87FC-4383E9B62D77}"
EndProject
Project("{2150E333-8FDC-42A3-9474-1A3956D46DE8}") = "src", "src", "{9E3CD3FE-A652-47E7-B4D8-67B1287851CE}"
EndProject
Project("{2150E333-8FDC-42A3-9474-1A3956D46DE8}") = "lib", "lib", "{3BC325D5-711F-4143-AFCA-3D72C2C56247}"
EndProject
Project("{FAE04EC0-301F-11D3-BF4B-00C04F79EFBC}") = "BisUtils.Core", "src\BisUtils.Core\BisUtils.Core.csproj", "{F75A0623-0022-4204-9FDE-BFC39583C413}"
EndProject
Project("{FAE04EC0-301F-11D3-BF4B-00C04F79EFBC}") = "BisUtils.RvBank", "src\BisUtils.RvBank\BisUtils.RvBank.csproj", "{F53CAC57-01A3-4A71-88D6-19146D271933}"
EndProject
Project("{FAE04EC0-301F-11D3-BF4B-00C04F79EFBC}") = "BisUtils.Param", "src\BisUtils.Param\BisUtils.Param.csproj", "{1C3D2806-0E33-4816-BF09-3A84CF50AA80}"
EndProject
Project("{FAE04EC0-301F-11D3-BF4B-00C04F79EFBC}") = "BisUtils.RvProcess", "src\BisUtils.RvProcess\BisUtils.RvProcess.csproj", "{44137427-4E99-4F20-829F-C7B40C6F0D36}"
EndProject
Project("{2150E333-8FDC-42A3-9474-1A3956D46DE8}") = "test", "test", "{6685E7AA-0C0B-45E3-8CAC-1A0DDD407BD1}"
EndProject
Project("{FAE04EC0-301F-11D3-BF4B-00C04F79EFBC}") = "BisUtils.RvBank.Benchmarks", "test\BisUtils.RvBank.Benchmarks\BisUtils.RvBank.Benchmarks.csproj", "{E4ABA271-1B67-4C4F-8966-E14033AC6A57}"
EndProject
Project("{2150E333-8FDC-42A3-9474-1A3956D46DE8}") = "Benchmarking", "Benchmarking", "{E563D23F-CD87-4EFC-B17D-C189C37A3C78}"
EndProject
Project("{2150E333-8FDC-42A3-9474-1A3956D46DE8}") = "Unit Testing", "Unit Testing", "{8A80796E-C0AE-48C9-8EB4-C86B7FB5280B}"
EndProject
Project("{2150E333-8FDC-42A3-9474-1A3956D46DE8}") = "samples", "samples", "{1DEE0AA5-B084-44B4-9680-031226B6548F}"
EndProject
Project("{2150E333-8FDC-42A3-9474-1A3956D46DE8}") = "Scratches", "Scratches", "{E42E6EAA-8D4A-4077-AD7E-56EABDE2F4B5}"
EndProject
Project("{FAE04EC0-301F-11D3-BF4B-00C04F79EFBC}") = "ParamTest", "test\Scratches\ParamTest\ParamTest.csproj", "{AB366B29-D03B-40E7-AF74-AF2ECEE2BBA3}"
EndProject
Project("{FAE04EC0-301F-11D3-BF4B-00C04F79EFBC}") = "BisUtils.All", "src\BisUtils.All\BisUtils.All.csproj", "{49247244-E4A6-4D7C-91FF-51C11DD9C3BC}"
EndProject
Project("{FAE04EC0-301F-11D3-BF4B-00C04F79EFBC}") = "BisUtils.RvShape", "src\BisUtils.RvShape\BisUtils.RvShape.csproj", "{1B5C4AB8-7D90-47C2-991C-6A6192655BDB}"
EndProject
Project("{FAE04EC0-301F-11D3-BF4B-00C04F79EFBC}") = "ShapeTest", "test\Scratches\ShapeTest\ShapeTest.csproj", "{6D7A5B37-30AE-4477-A04B-A0035C75492B}"
EndProject
Project("{FAE04EC0-301F-11D3-BF4B-00C04F79EFBC}") = "BisUtils.RvTexture", "src\BisUtils.RvTexture\BisUtils.RvTexture.csproj", "{2810E061-35DA-4B97-BA9B-CE9F17383A6A}"
EndProject
Project("{FAE04EC0-301F-11D3-BF4B-00C04F79EFBC}") = "BisUtils.RvMaterial", "src\BisUtils.RvMaterial\BisUtils.RvMaterial.csproj", "{3901DEA3-27CE-4527-BD71-4983A8D60A9B}"
EndProject
Project("{FAE04EC0-301F-11D3-BF4B-00C04F79EFBC}") = "BisUtils.DZServerQuery", "src\BisUtils.DZServerQuery\BisUtils.DZServerQuery.csproj", "{F66B6237-15A8-4E5F-B8B5-503DEED19CC2}"
EndProject
Project("{FAE04EC0-301F-11D3-BF4B-00C04F79EFBC}") = "BisUtils.DZConfig", "src\BisUtils.DZConfig\BisUtils.DZConfig.csproj", "{84FACE60-3827-4810-A987-92FA811DB900}"
EndProject
Project("{FAE04EC0-301F-11D3-BF4B-00C04F79EFBC}") = "BankTest", "test\Scratches\BankTest\BankTest.csproj", "{9328E3ED-589E-41F7-8DFC-18C7E3141CB8}"
EndProject
Project("{FAE04EC0-301F-11D3-BF4B-00C04F79EFBC}") = "BisUtils.RvBank.DzConfigExtensions", "src\BisUtils.RvBank.DzConfigExtensions\BisUtils.RvBank.DzConfigExtensions.csproj", "{CCAF99C5-8ADB-457E-9A9A-F031C65F6E1D}"
EndProject
Project("{FAE04EC0-301F-11D3-BF4B-00C04F79EFBC}") = "BisUtils.EnPack", "src\BisUtils.EnPack\BisUtils.EnPack.csproj", "{77184712-FD83-4901-9442-3638ED918E1A}"
EndProject
Project("{FAE04EC0-301F-11D3-BF4B-00C04F79EFBC}") = "PackTest", "test\Scratches\PackTest\PackTest.csproj", "{67134839-E95C-471D-81D1-3975E38E554D}"
EndProject
Project("{FAE04EC0-301F-11D3-BF4B-00C04F79EFBC}") = "BisUtils.RvBank.ExtraExtensions", "src\BisUtils.RvBank.ExtraExtensions\BisUtils.RvBank.ExtraExtensions.csproj", "{4668F0FB-95C4-44ED-964B-CCCEBC2C1C7A}"
EndProject
Project("{2150E333-8FDC-42A3-9474-1A3956D46DE8}") = "Enfusion", "Enfusion", "{F096CD3B-FD87-4C76-B280-E237FE3BB49B}"
EndProject
Project("{2150E333-8FDC-42A3-9474-1A3956D46DE8}") = "Real Virtuality", "Real Virtuality", "{007C525D-37F5-4B3B-8BCD-1915AC4AFD34}"
EndProject
Project("{2150E333-8FDC-42A3-9474-1A3956D46DE8}") = "DayZ", "DayZ", "{1A648C8A-88EB-47A0-A8FD-3189232768C0}"
EndProject
Project("{FAE04EC0-301F-11D3-BF4B-00C04F79EFBC}") = "BisUtils.EnConfig", "src\BisUtils.EnConfig\BisUtils.EnConfig.csproj", "{9D43E6C1-5844-4D59-9847-F38D74AF66FB}"
EndProject
Project("{FAE04EC0-301F-11D3-BF4B-00C04F79EFBC}") = "EnConfigGrammar", "test\Scratches\EnConfigGrammar\EnConfigGrammar.csproj", "{98EF4F7E-F465-4CAA-9F4D-AC80A5CA35B0}"
EndProject
Project("{FAE04EC0-301F-11D3-BF4B-00C04F79EFBC}") = "BisUtils.EnLex", "src\BisUtils.EnLex\BisUtils.EnLex.csproj", "{1034FDDF-92FD-417D-8A16-F78C456C62D2}"
EndProject
Project("{2150E333-8FDC-42A3-9474-1A3956D46DE8}") = "Bank", "Bank", "{0FA1D36D-C7F5-4261-8912-D978A64C68D3}"
EndProject
Project("{2150E333-8FDC-42A3-9474-1A3956D46DE8}") = "Reforger", "Reforger", "{C88BAE72-D070-4782-92B0-C3498E222237}"
EndProject
Project("{2150E333-8FDC-42A3-9474-1A3956D46DE8}") = "templates", "templates", "{5159A60F-7447-4F03-8627-16D27B165182}"
EndProject
Project("{FAE04EC0-301F-11D3-BF4B-00C04F79EFBC}") = "BisUtils.LexLibrary", "templates\BisUtils.LexLibrary\BisUtils.LexLibrary.csproj", "{8F4716F2-2750-4843-9975-F57E08CD9251}"
EndProject
Global
	GlobalSection(SolutionConfigurationPlatforms) = preSolution
		Debug|Any CPU = Debug|Any CPU
		Release|Any CPU = Release|Any CPU
	EndGlobalSection
	GlobalSection(ProjectConfigurationPlatforms) = postSolution
		{92047CC3-A9D1-4AC2-87FC-4383E9B62D77}.Debug|Any CPU.ActiveCfg = Debug|Any CPU
		{92047CC3-A9D1-4AC2-87FC-4383E9B62D77}.Debug|Any CPU.Build.0 = Debug|Any CPU
		{92047CC3-A9D1-4AC2-87FC-4383E9B62D77}.Release|Any CPU.ActiveCfg = Release|Any CPU
		{92047CC3-A9D1-4AC2-87FC-4383E9B62D77}.Release|Any CPU.Build.0 = Release|Any CPU
		{F75A0623-0022-4204-9FDE-BFC39583C413}.Debug|Any CPU.ActiveCfg = Debug|Any CPU
		{F75A0623-0022-4204-9FDE-BFC39583C413}.Debug|Any CPU.Build.0 = Debug|Any CPU
		{F75A0623-0022-4204-9FDE-BFC39583C413}.Release|Any CPU.ActiveCfg = Release|Any CPU
		{F75A0623-0022-4204-9FDE-BFC39583C413}.Release|Any CPU.Build.0 = Release|Any CPU
		{F53CAC57-01A3-4A71-88D6-19146D271933}.Debug|Any CPU.ActiveCfg = Debug|Any CPU
		{F53CAC57-01A3-4A71-88D6-19146D271933}.Debug|Any CPU.Build.0 = Debug|Any CPU
		{F53CAC57-01A3-4A71-88D6-19146D271933}.Release|Any CPU.ActiveCfg = Release|Any CPU
		{F53CAC57-01A3-4A71-88D6-19146D271933}.Release|Any CPU.Build.0 = Release|Any CPU
		{1C3D2806-0E33-4816-BF09-3A84CF50AA80}.Debug|Any CPU.ActiveCfg = Debug|Any CPU
		{1C3D2806-0E33-4816-BF09-3A84CF50AA80}.Debug|Any CPU.Build.0 = Debug|Any CPU
		{1C3D2806-0E33-4816-BF09-3A84CF50AA80}.Release|Any CPU.ActiveCfg = Release|Any CPU
		{1C3D2806-0E33-4816-BF09-3A84CF50AA80}.Release|Any CPU.Build.0 = Release|Any CPU
		{44137427-4E99-4F20-829F-C7B40C6F0D36}.Debug|Any CPU.ActiveCfg = Debug|Any CPU
		{44137427-4E99-4F20-829F-C7B40C6F0D36}.Debug|Any CPU.Build.0 = Debug|Any CPU
		{44137427-4E99-4F20-829F-C7B40C6F0D36}.Release|Any CPU.ActiveCfg = Release|Any CPU
		{44137427-4E99-4F20-829F-C7B40C6F0D36}.Release|Any CPU.Build.0 = Release|Any CPU
		{E4ABA271-1B67-4C4F-8966-E14033AC6A57}.Debug|Any CPU.ActiveCfg = Debug|Any CPU
		{E4ABA271-1B67-4C4F-8966-E14033AC6A57}.Debug|Any CPU.Build.0 = Debug|Any CPU
		{E4ABA271-1B67-4C4F-8966-E14033AC6A57}.Release|Any CPU.ActiveCfg = Release|Any CPU
		{E4ABA271-1B67-4C4F-8966-E14033AC6A57}.Release|Any CPU.Build.0 = Release|Any CPU
		{AB366B29-D03B-40E7-AF74-AF2ECEE2BBA3}.Debug|Any CPU.ActiveCfg = Debug|Any CPU
		{AB366B29-D03B-40E7-AF74-AF2ECEE2BBA3}.Debug|Any CPU.Build.0 = Debug|Any CPU
		{AB366B29-D03B-40E7-AF74-AF2ECEE2BBA3}.Release|Any CPU.ActiveCfg = Release|Any CPU
		{AB366B29-D03B-40E7-AF74-AF2ECEE2BBA3}.Release|Any CPU.Build.0 = Release|Any CPU
		{49247244-E4A6-4D7C-91FF-51C11DD9C3BC}.Debug|Any CPU.ActiveCfg = Debug|Any CPU
		{49247244-E4A6-4D7C-91FF-51C11DD9C3BC}.Debug|Any CPU.Build.0 = Debug|Any CPU
		{49247244-E4A6-4D7C-91FF-51C11DD9C3BC}.Release|Any CPU.ActiveCfg = Release|Any CPU
		{49247244-E4A6-4D7C-91FF-51C11DD9C3BC}.Release|Any CPU.Build.0 = Release|Any CPU
		{1B5C4AB8-7D90-47C2-991C-6A6192655BDB}.Debug|Any CPU.ActiveCfg = Debug|Any CPU
		{1B5C4AB8-7D90-47C2-991C-6A6192655BDB}.Debug|Any CPU.Build.0 = Debug|Any CPU
		{1B5C4AB8-7D90-47C2-991C-6A6192655BDB}.Release|Any CPU.ActiveCfg = Release|Any CPU
		{1B5C4AB8-7D90-47C2-991C-6A6192655BDB}.Release|Any CPU.Build.0 = Release|Any CPU
		{6D7A5B37-30AE-4477-A04B-A0035C75492B}.Debug|Any CPU.ActiveCfg = Debug|Any CPU
		{6D7A5B37-30AE-4477-A04B-A0035C75492B}.Debug|Any CPU.Build.0 = Debug|Any CPU
		{6D7A5B37-30AE-4477-A04B-A0035C75492B}.Release|Any CPU.ActiveCfg = Release|Any CPU
		{6D7A5B37-30AE-4477-A04B-A0035C75492B}.Release|Any CPU.Build.0 = Release|Any CPU
		{2810E061-35DA-4B97-BA9B-CE9F17383A6A}.Debug|Any CPU.ActiveCfg = Debug|Any CPU
		{2810E061-35DA-4B97-BA9B-CE9F17383A6A}.Debug|Any CPU.Build.0 = Debug|Any CPU
		{2810E061-35DA-4B97-BA9B-CE9F17383A6A}.Release|Any CPU.ActiveCfg = Release|Any CPU
		{2810E061-35DA-4B97-BA9B-CE9F17383A6A}.Release|Any CPU.Build.0 = Release|Any CPU
		{3901DEA3-27CE-4527-BD71-4983A8D60A9B}.Debug|Any CPU.ActiveCfg = Debug|Any CPU
		{3901DEA3-27CE-4527-BD71-4983A8D60A9B}.Debug|Any CPU.Build.0 = Debug|Any CPU
		{3901DEA3-27CE-4527-BD71-4983A8D60A9B}.Release|Any CPU.ActiveCfg = Release|Any CPU
		{3901DEA3-27CE-4527-BD71-4983A8D60A9B}.Release|Any CPU.Build.0 = Release|Any CPU
		{F66B6237-15A8-4E5F-B8B5-503DEED19CC2}.Debug|Any CPU.ActiveCfg = Debug|Any CPU
		{F66B6237-15A8-4E5F-B8B5-503DEED19CC2}.Debug|Any CPU.Build.0 = Debug|Any CPU
		{F66B6237-15A8-4E5F-B8B5-503DEED19CC2}.Release|Any CPU.ActiveCfg = Release|Any CPU
		{F66B6237-15A8-4E5F-B8B5-503DEED19CC2}.Release|Any CPU.Build.0 = Release|Any CPU
		{84FACE60-3827-4810-A987-92FA811DB900}.Debug|Any CPU.ActiveCfg = Debug|Any CPU
		{84FACE60-3827-4810-A987-92FA811DB900}.Debug|Any CPU.Build.0 = Debug|Any CPU
		{84FACE60-3827-4810-A987-92FA811DB900}.Release|Any CPU.ActiveCfg = Release|Any CPU
		{84FACE60-3827-4810-A987-92FA811DB900}.Release|Any CPU.Build.0 = Release|Any CPU
		{9328E3ED-589E-41F7-8DFC-18C7E3141CB8}.Debug|Any CPU.ActiveCfg = Debug|Any CPU
		{9328E3ED-589E-41F7-8DFC-18C7E3141CB8}.Debug|Any CPU.Build.0 = Debug|Any CPU
		{9328E3ED-589E-41F7-8DFC-18C7E3141CB8}.Release|Any CPU.ActiveCfg = Release|Any CPU
		{9328E3ED-589E-41F7-8DFC-18C7E3141CB8}.Release|Any CPU.Build.0 = Release|Any CPU
		{CCAF99C5-8ADB-457E-9A9A-F031C65F6E1D}.Debug|Any CPU.ActiveCfg = Debug|Any CPU
		{CCAF99C5-8ADB-457E-9A9A-F031C65F6E1D}.Debug|Any CPU.Build.0 = Debug|Any CPU
		{CCAF99C5-8ADB-457E-9A9A-F031C65F6E1D}.Release|Any CPU.ActiveCfg = Release|Any CPU
		{CCAF99C5-8ADB-457E-9A9A-F031C65F6E1D}.Release|Any CPU.Build.0 = Release|Any CPU
		{77184712-FD83-4901-9442-3638ED918E1A}.Debug|Any CPU.ActiveCfg = Debug|Any CPU
		{77184712-FD83-4901-9442-3638ED918E1A}.Debug|Any CPU.Build.0 = Debug|Any CPU
		{77184712-FD83-4901-9442-3638ED918E1A}.Release|Any CPU.ActiveCfg = Release|Any CPU
		{77184712-FD83-4901-9442-3638ED918E1A}.Release|Any CPU.Build.0 = Release|Any CPU
		{67134839-E95C-471D-81D1-3975E38E554D}.Debug|Any CPU.ActiveCfg = Debug|Any CPU
		{67134839-E95C-471D-81D1-3975E38E554D}.Debug|Any CPU.Build.0 = Debug|Any CPU
		{67134839-E95C-471D-81D1-3975E38E554D}.Release|Any CPU.ActiveCfg = Release|Any CPU
		{67134839-E95C-471D-81D1-3975E38E554D}.Release|Any CPU.Build.0 = Release|Any CPU
		{4668F0FB-95C4-44ED-964B-CCCEBC2C1C7A}.Debug|Any CPU.ActiveCfg = Debug|Any CPU
		{4668F0FB-95C4-44ED-964B-CCCEBC2C1C7A}.Debug|Any CPU.Build.0 = Debug|Any CPU
		{4668F0FB-95C4-44ED-964B-CCCEBC2C1C7A}.Release|Any CPU.ActiveCfg = Release|Any CPU
		{4668F0FB-95C4-44ED-964B-CCCEBC2C1C7A}.Release|Any CPU.Build.0 = Release|Any CPU
		{9D43E6C1-5844-4D59-9847-F38D74AF66FB}.Debug|Any CPU.ActiveCfg = Debug|Any CPU
		{9D43E6C1-5844-4D59-9847-F38D74AF66FB}.Debug|Any CPU.Build.0 = Debug|Any CPU
		{9D43E6C1-5844-4D59-9847-F38D74AF66FB}.Release|Any CPU.ActiveCfg = Release|Any CPU
		{9D43E6C1-5844-4D59-9847-F38D74AF66FB}.Release|Any CPU.Build.0 = Release|Any CPU
		{98EF4F7E-F465-4CAA-9F4D-AC80A5CA35B0}.Debug|Any CPU.ActiveCfg = Debug|Any CPU
		{98EF4F7E-F465-4CAA-9F4D-AC80A5CA35B0}.Debug|Any CPU.Build.0 = Debug|Any CPU
		{98EF4F7E-F465-4CAA-9F4D-AC80A5CA35B0}.Release|Any CPU.ActiveCfg = Release|Any CPU
		{98EF4F7E-F465-4CAA-9F4D-AC80A5CA35B0}.Release|Any CPU.Build.0 = Release|Any CPU
		{1034FDDF-92FD-417D-8A16-F78C456C62D2}.Debug|Any CPU.ActiveCfg = Debug|Any CPU
		{1034FDDF-92FD-417D-8A16-F78C456C62D2}.Debug|Any CPU.Build.0 = Debug|Any CPU
		{1034FDDF-92FD-417D-8A16-F78C456C62D2}.Release|Any CPU.ActiveCfg = Release|Any CPU
		{1034FDDF-92FD-417D-8A16-F78C456C62D2}.Release|Any CPU.Build.0 = Release|Any CPU
		{8F4716F2-2750-4843-9975-F57E08CD9251}.Debug|Any CPU.ActiveCfg = Debug|Any CPU
		{8F4716F2-2750-4843-9975-F57E08CD9251}.Debug|Any CPU.Build.0 = Debug|Any CPU
		{8F4716F2-2750-4843-9975-F57E08CD9251}.Release|Any CPU.ActiveCfg = Release|Any CPU
		{8F4716F2-2750-4843-9975-F57E08CD9251}.Release|Any CPU.Build.0 = Release|Any CPU
	EndGlobalSection
	GlobalSection(SolutionProperties) = preSolution
		HideSolutionNode = FALSE
	EndGlobalSection
	GlobalSection(ExtensibilityGlobals) = postSolution
		SolutionGuid = {989C2182-7434-43FB-AA95-94DB1F98B4ED}
	EndGlobalSection
	GlobalSection(NestedProjects) = preSolution
		{92047CC3-A9D1-4AC2-87FC-4383E9B62D77} = {3BC325D5-711F-4143-AFCA-3D72C2C56247}
		{F75A0623-0022-4204-9FDE-BFC39583C413} = {9E3CD3FE-A652-47E7-B4D8-67B1287851CE}
		{E563D23F-CD87-4EFC-B17D-C189C37A3C78} = {6685E7AA-0C0B-45E3-8CAC-1A0DDD407BD1}
		{E4ABA271-1B67-4C4F-8966-E14033AC6A57} = {E563D23F-CD87-4EFC-B17D-C189C37A3C78}
		{8A80796E-C0AE-48C9-8EB4-C86B7FB5280B} = {6685E7AA-0C0B-45E3-8CAC-1A0DDD407BD1}
		{E42E6EAA-8D4A-4077-AD7E-56EABDE2F4B5} = {6685E7AA-0C0B-45E3-8CAC-1A0DDD407BD1}
		{AB366B29-D03B-40E7-AF74-AF2ECEE2BBA3} = {E42E6EAA-8D4A-4077-AD7E-56EABDE2F4B5}
		{49247244-E4A6-4D7C-91FF-51C11DD9C3BC} = {9E3CD3FE-A652-47E7-B4D8-67B1287851CE}
		{6D7A5B37-30AE-4477-A04B-A0035C75492B} = {E42E6EAA-8D4A-4077-AD7E-56EABDE2F4B5}
		{9328E3ED-589E-41F7-8DFC-18C7E3141CB8} = {E42E6EAA-8D4A-4077-AD7E-56EABDE2F4B5}
		{67134839-E95C-471D-81D1-3975E38E554D} = {E42E6EAA-8D4A-4077-AD7E-56EABDE2F4B5}
		{F096CD3B-FD87-4C76-B280-E237FE3BB49B} = {9E3CD3FE-A652-47E7-B4D8-67B1287851CE}
		{007C525D-37F5-4B3B-8BCD-1915AC4AFD34} = {9E3CD3FE-A652-47E7-B4D8-67B1287851CE}
		{1A648C8A-88EB-47A0-A8FD-3189232768C0} = {9E3CD3FE-A652-47E7-B4D8-67B1287851CE}
		{77184712-FD83-4901-9442-3638ED918E1A} = {F096CD3B-FD87-4C76-B280-E237FE3BB49B}
		{84FACE60-3827-4810-A987-92FA811DB900} = {1A648C8A-88EB-47A0-A8FD-3189232768C0}
		{F66B6237-15A8-4E5F-B8B5-503DEED19CC2} = {1A648C8A-88EB-47A0-A8FD-3189232768C0}
		{44137427-4E99-4F20-829F-C7B40C6F0D36} = {007C525D-37F5-4B3B-8BCD-1915AC4AFD34}
		{1C3D2806-0E33-4816-BF09-3A84CF50AA80} = {007C525D-37F5-4B3B-8BCD-1915AC4AFD34}
		{3901DEA3-27CE-4527-BD71-4983A8D60A9B} = {007C525D-37F5-4B3B-8BCD-1915AC4AFD34}
		{1B5C4AB8-7D90-47C2-991C-6A6192655BDB} = {007C525D-37F5-4B3B-8BCD-1915AC4AFD34}
		{2810E061-35DA-4B97-BA9B-CE9F17383A6A} = {007C525D-37F5-4B3B-8BCD-1915AC4AFD34}
		{9D43E6C1-5844-4D59-9847-F38D74AF66FB} = {F096CD3B-FD87-4C76-B280-E237FE3BB49B}
		{98EF4F7E-F465-4CAA-9F4D-AC80A5CA35B0} = {E42E6EAA-8D4A-4077-AD7E-56EABDE2F4B5}
		{1034FDDF-92FD-417D-8A16-F78C456C62D2} = {F096CD3B-FD87-4C76-B280-E237FE3BB49B}
		{0FA1D36D-C7F5-4261-8912-D978A64C68D3} = {007C525D-37F5-4B3B-8BCD-1915AC4AFD34}
		{CCAF99C5-8ADB-457E-9A9A-F031C65F6E1D} = {0FA1D36D-C7F5-4261-8912-D978A64C68D3}
		{4668F0FB-95C4-44ED-964B-CCCEBC2C1C7A} = {0FA1D36D-C7F5-4261-8912-D978A64C68D3}
		{F53CAC57-01A3-4A71-88D6-19146D271933} = {0FA1D36D-C7F5-4261-8912-D978A64C68D3}
		{C88BAE72-D070-4782-92B0-C3498E222237} = {9E3CD3FE-A652-47E7-B4D8-67B1287851CE}
		{8F4716F2-2750-4843-9975-F57E08CD9251} = {5159A60F-7447-4F03-8627-16D27B165182}
	EndGlobalSection
EndGlobal
