
Microsoft Visual Studio Solution File, Format Version 12.00
# Visual Studio Version 17
VisualStudioVersion = 17.4.33103.184
MinimumVisualStudioVersion = 10.0.40219.1
Project("{9A19103F-16F7-4668-BE54-9A1E7A4F7556}") = "BisUtils", "BisUtils\BisUtils.csproj", "{19EBF056-FA0A-4A6D-B0C2-8DCB5845DBEB}"
EndProject
Project("{2150E333-8FDC-42A3-9474-1A3956D46DE8}") = "Solution Items", "Solution Items", "{80DAB5EC-4502-4EBC-876E-089DB0DC8BBA}"
	ProjectSection(SolutionItems) = preProject
		.editorconfig = .editorconfig
	EndProjectSection
EndProject
Global
	GlobalSection(SolutionConfigurationPlatforms) = preSolution
		Debug|Any CPU = Debug|Any CPU
		Release|Any CPU = Release|Any CPU
	EndGlobalSection
	GlobalSection(ProjectConfigurationPlatforms) = postSolution
		{19EBF056-FA0A-4A6D-B0C2-8DCB5845DBEB}.Debug|Any CPU.ActiveCfg = Debug|Any CPU
		{19EBF056-FA0A-4A6D-B0C2-8DCB5845DBEB}.Debug|Any CPU.Build.0 = Debug|Any CPU
		{19EBF056-FA0A-4A6D-B0C2-8DCB5845DBEB}.Release|Any CPU.ActiveCfg = Release|Any CPU
		{19EBF056-FA0A-4A6D-B0C2-8DCB5845DBEB}.Release|Any CPU.Build.0 = Release|Any CPU
	EndGlobalSection
	GlobalSection(SolutionProperties) = preSolution
		HideSolutionNode = FALSE
	EndGlobalSection
	GlobalSection(ExtensibilityGlobals) = postSolution
		SolutionGuid = {989C2182-7434-43FB-AA95-94DB1F98B4ED}
	EndGlobalSection
EndGlobal
